Microsoft Visual Studio Solution File, Format Version 11.00
# Visual Studio 2010
Project("{FAE04EC0-301F-11D3-BF4B-00C04F79EFBC}") = "Assembly-CSharp", "Assembly-CSharp.csproj", "{4CF8333C-0521-55EC-BF4C-A94E6153105F}"
EndProject
Project("{FAE04EC0-301F-11D3-BF4B-00C04F79EFBC}") = "Assembly-CSharp-firstpass", "Assembly-CSharp-firstpass.csproj", "{1D151486-C243-C87E-361C-1B99E6DE2673}"
EndProject
Project("{FAE04EC0-301F-11D3-BF4B-00C04F79EFBC}") = "Assembly-CSharp-Editor-firstpass", "Assembly-CSharp-Editor-firstpass.csproj", "{45F26EF8-41BA-7E27-106E-4B76C82182EE}"
EndProject
Global
	GlobalSection(SolutionConfigurationPlatforms) = preSolution
		Debug|Any CPU = Debug|Any CPU
		Release|Any CPU = Release|Any CPU
	EndGlobalSection
	GlobalSection(ProjectConfigurationPlatforms) = postSolution
		{4CF8333C-0521-55EC-BF4C-A94E6153105F}.Debug|Any CPU.ActiveCfg = Debug|Any CPU
		{4CF8333C-0521-55EC-BF4C-A94E6153105F}.Debug|Any CPU.Build.0 = Debug|Any CPU
		{4CF8333C-0521-55EC-BF4C-A94E6153105F}.Release|Any CPU.ActiveCfg = Release|Any CPU
		{4CF8333C-0521-55EC-BF4C-A94E6153105F}.Release|Any CPU.Build.0 = Release|Any CPU
		{1D151486-C243-C87E-361C-1B99E6DE2673}.Debug|Any CPU.ActiveCfg = Debug|Any CPU
		{1D151486-C243-C87E-361C-1B99E6DE2673}.Debug|Any CPU.Build.0 = Debug|Any CPU
		{1D151486-C243-C87E-361C-1B99E6DE2673}.Release|Any CPU.ActiveCfg = Release|Any CPU
		{1D151486-C243-C87E-361C-1B99E6DE2673}.Release|Any CPU.Build.0 = Release|Any CPU
		{45F26EF8-41BA-7E27-106E-4B76C82182EE}.Debug|Any CPU.ActiveCfg = Debug|Any CPU
		{45F26EF8-41BA-7E27-106E-4B76C82182EE}.Debug|Any CPU.Build.0 = Debug|Any CPU
		{45F26EF8-41BA-7E27-106E-4B76C82182EE}.Release|Any CPU.ActiveCfg = Release|Any CPU
		{45F26EF8-41BA-7E27-106E-4B76C82182EE}.Release|Any CPU.Build.0 = Release|Any CPU
	EndGlobalSection
	GlobalSection(SolutionProperties) = preSolution
		HideSolutionNode = FALSE
	EndGlobalSection
	GlobalSection(MonoDevelopProperties) = preSolution
		Policies = $0
		$0.TextStylePolicy = $1
		$1.inheritsSet = null
		$1.scope = text/x-csharp
		$0.CSharpFormattingPolicy = $2
		$2.AnonymousMethodBraceStyle = NextLine
		$2.StatementBraceStyle = NextLine
		$2.ElseNewLinePlacement = NewLine
		$2.AfterDelegateDeclarationParameterComma = True
		$2.inheritsSet = Mono
		$2.inheritsScope = text/x-csharp
		$2.scope = text/x-csharp
	EndGlobalSection
EndGlobal
